
Microsoft Visual Studio Solution File, Format Version 12.00
# Visual Studio 15
VisualStudioVersion = 15.0.27703.2026
MinimumVisualStudioVersion = 10.0.40219.1
Project("{FAE04EC0-301F-11D3-BF4B-00C04F79EFBC}") = "Demo", "Demo\Demo.csproj", "{B8C17530-FBB8-4F52-B99B-D98C32AA288E}"
EndProject
Global
	GlobalSection(SolutionConfigurationPlatforms) = preSolution
		Debug|Any CPU = Debug|Any CPU
		Release|Any CPU = Release|Any CPU
	EndGlobalSection
	GlobalSection(ProjectConfigurationPlatforms) = postSolution
		{B8C17530-FBB8-4F52-B99B-D98C32AA288E}.Debug|Any CPU.ActiveCfg = Debug|Any CPU
		{B8C17530-FBB8-4F52-B99B-D98C32AA288E}.Debug|Any CPU.Build.0 = Debug|Any CPU
		{B8C17530-FBB8-4F52-B99B-D98C32AA288E}.Release|Any CPU.ActiveCfg = Release|Any CPU
		{B8C17530-FBB8-4F52-B99B-D98C32AA288E}.Release|Any CPU.Build.0 = Release|Any CPU
	EndGlobalSection
	GlobalSection(SolutionProperties) = preSolution
		HideSolutionNode = FALSE
	EndGlobalSection
	GlobalSection(ExtensibilityGlobals) = postSolution
		SolutionGuid = {47F8DDC5-DFD8-4A54-939D-268F646AD630}
	EndGlobalSection
EndGlobal
